// !$*UTF8*$!
{
	archiveVersion = 1;
	classes = {
	};
	objectVersion = 56;
	objects = {

/* Begin PBXBuildFile section */
		AA00000000000000000000D1 /* BasketTrainerApp.swift in Sources */ = {isa = PBXBuildFile; fileRef = AA00000000000000000000C1 /* BasketTrainerApp.swift */; };
		AA00000000000000000000D2 /* Models.swift in Sources */ = {isa = PBXBuildFile; fileRef = AA00000000000000000000C2 /* Models.swift */; };
		AA00000000000000000000D3 /* SessionStore.swift in Sources */ = {isa = PBXBuildFile; fileRef = AA00000000000000000000C3 /* SessionStore.swift */; };
		AA00000000000000000000D4 /* GarminManager.swift in Sources */ = {isa = PBXBuildFile; fileRef = AA00000000000000000000C4 /* GarminManager.swift */; };
		AA00000000000000000000D5 /* ContentView.swift in Sources */ = {isa = PBXBuildFile; fileRef = AA00000000000000000000C5 /* ContentView.swift */; };
		AA00000000000000000000D6 /* HomeView.swift in Sources */ = {isa = PBXBuildFile; fileRef = AA00000000000000000000C6 /* HomeView.swift */; };
		AA00000000000000000000D7 /* WorkoutConfigView.swift in Sources */ = {isa = PBXBuildFile; fileRef = AA00000000000000000000C7 /* WorkoutConfigView.swift */; };
		AA00000000000000000000D8 /* HistoryView.swift in Sources */ = {isa = PBXBuildFile; fileRef = AA00000000000000000000C8 /* HistoryView.swift */; };
		AA00000000000000000000D9 /* SessionDetailView.swift in Sources */ = {isa = PBXBuildFile; fileRef = AA00000000000000000000C9 /* SessionDetailView.swift */; };
		AA00000000000000000000DA /* StatsView.swift in Sources */ = {isa = PBXBuildFile; fileRef = AA00000000000000000000CA /* StatsView.swift */; };
		AA00000000000000000000DB /* Assets.xcassets in Resources */ = {isa = PBXBuildFile; fileRef = AA00000000000000000000CB /* Assets.xcassets */; };
		AA00000000000000000000DC /* Preview Assets.xcassets in Resources */ = {isa = PBXBuildFile; fileRef = AA00000000000000000000CC /* Preview Assets.xcassets */; };
/* End PBXBuildFile section */

/* Begin PBXFileReference section */
		AA00000000000000000000B1 /* BasketTrainer.app */ = {isa = PBXFileReference; explicitFileType = wrapper.application; includeInIndex = 0; path = BasketTrainer.app; sourceTree = BUILT_PRODUCTS_DIR; };
		AA00000000000000000000C1 /* BasketTrainerApp.swift */ = {isa = PBXFileReference; lastKnownFileType = sourcecode.swift; path = BasketTrainerApp.swift; sourceTree = "<group>"; };
		AA00000000000000000000C2 /* Models.swift */ = {isa = PBXFileReference; lastKnownFileType = sourcecode.swift; path = Models.swift; sourceTree = "<group>"; };
		AA00000000000000000000C3 /* SessionStore.swift */ = {isa = PBXFileReference; lastKnownFileType = sourcecode.swift; path = SessionStore.swift; sourceTree = "<group>"; };
		AA00000000000000000000C4 /* GarminManager.swift */ = {isa = PBXFileReference; lastKnownFileType = sourcecode.swift; path = GarminManager.swift; sourceTree = "<group>"; };
		AA00000000000000000000C5 /* ContentView.swift */ = {isa = PBXFileReference; lastKnownFileType = sourcecode.swift; path = ContentView.swift; sourceTree = "<group>"; };
		AA00000000000000000000C6 /* HomeView.swift */ = {isa = PBXFileReference; lastKnownFileType = sourcecode.swift; path = HomeView.swift; sourceTree = "<group>"; };
		AA00000000000000000000C7 /* WorkoutConfigView.swift */ = {isa = PBXFileReference; lastKnownFileType = sourcecode.swift; path = WorkoutConfigView.swift; sourceTree = "<group>"; };
		AA00000000000000000000C8 /* HistoryView.swift */ = {isa = PBXFileReference; lastKnownFileType = sourcecode.swift; path = HistoryView.swift; sourceTree = "<group>"; };
		AA00000000000000000000C9 /* SessionDetailView.swift */ = {isa = PBXFileReference; lastKnownFileType = sourcecode.swift; path = SessionDetailView.swift; sourceTree = "<group>"; };
		AA00000000000000000000CA /* StatsView.swift */ = {isa = PBXFileReference; lastKnownFileType = sourcecode.swift; path = StatsView.swift; sourceTree = "<group>"; };
		AA00000000000000000000CB /* Assets.xcassets */ = {isa = PBXFileReference; lastKnownFileType = folder.assetcatalog; path = Assets.xcassets; sourceTree = "<group>"; };
		AA00000000000000000000CC /* Preview Assets.xcassets */ = {isa = PBXFileReference; lastKnownFileType = folder.assetcatalog; path = "Preview Assets.xcassets"; sourceTree = "<group>"; };
		AA00000000000000000000CE /* Info.plist */ = {isa = PBXFileReference; lastKnownFileType = text.plist.xml; path = Info.plist; sourceTree = "<group>"; };
/* End PBXFileReference section */

/* Begin PBXFrameworksBuildPhase section */
		AA00000000000000000000E3 /* Frameworks */ = {
			isa = PBXFrameworksBuildPhase;
			buildActionMask = 2147483647;
			files = (
			);
			runOnlyForDeploymentPostprocessing = 0;
		};
/* End PBXFrameworksBuildPhase section */

/* Begin PBXGroup section */
		AA00000000000000000000A1 = {
			isa = PBXGroup;
			children = (
				AA00000000000000000000A3 /* BasketTrainer */,
				AA00000000000000000000A2 /* Products */,
			);
			sourceTree = "<group>";
		};
		AA00000000000000000000A2 /* Products */ = {
			isa = PBXGroup;
			children = (
				AA00000000000000000000B1 /* BasketTrainer.app */,
			);
			name = Products;
			sourceTree = "<group>";
		};
		AA00000000000000000000A3 /* BasketTrainer */ = {
			isa = PBXGroup;
			children = (
				AA00000000000000000000C1 /* BasketTrainerApp.swift */,
				AA00000000000000000000CE /* Info.plist */,
				AA00000000000000000000A4 /* Models */,
				AA00000000000000000000A5 /* Managers */,
				AA00000000000000000000A6 /* Views */,
				AA00000000000000000000CB /* Assets.xcassets */,
				AA00000000000000000000A7 /* Preview Content */,
			);
			path = BasketTrainer;
			sourceTree = "<group>";
		};
		AA00000000000000000000A4 /* Models */ = {
			isa = PBXGroup;
			children = (
				AA00000000000000000000C2 /* Models.swift */,
				AA00000000000000000000C3 /* SessionStore.swift */,
			);
			path = Models;
			sourceTree = "<group>";
		};
		AA00000000000000000000A5 /* Managers */ = {
			isa = PBXGroup;
			children = (
				AA00000000000000000000C4 /* GarminManager.swift */,
			);
			path = Managers;
			sourceTree = "<group>";
		};
		AA00000000000000000000A6 /* Views */ = {
			isa = PBXGroup;
			children = (
				AA00000000000000000000C5 /* ContentView.swift */,
				AA00000000000000000000C6 /* HomeView.swift */,
				AA00000000000000000000C7 /* WorkoutConfigView.swift */,
				AA00000000000000000000C8 /* HistoryView.swift */,
				AA00000000000000000000C9 /* SessionDetailView.swift */,
				AA00000000000000000000CA /* StatsView.swift */,
			);
			path = Views;
			sourceTree = "<group>";
		};
		AA00000000000000000000A7 /* Preview Content */ = {
			isa = PBXGroup;
			children = (
				AA00000000000000000000CC /* Preview Assets.xcassets */,
			);
			path = "Preview Content";
			sourceTree = "<group>";
		};
/* End PBXGroup section */

/* Begin PBXNativeTarget section */
		AA00000000000000000000F1 /* BasketTrainer */ = {
			isa = PBXNativeTarget;
			buildConfigurationList = AA0000000000000000000AA2 /* Build configuration list for PBXNativeTarget "BasketTrainer" */;
			buildPhases = (
				AA00000000000000000000E1 /* Sources */,
				AA00000000000000000000E2 /* Resources */,
				AA00000000000000000000E3 /* Frameworks */,
			);
			buildRules = (
			);
			dependencies = (
			);
			name = BasketTrainer;
			productName = BasketTrainer;
			productReference = AA00000000000000000000B1 /* BasketTrainer.app */;
			productType = "com.apple.product-type.application";
		};
/* End PBXNativeTarget section */

/* Begin PBXProject section */
		AA000000000000000000FFFF /* Project object */ = {
			isa = PBXProject;
			attributes = {
				BuildIndependentTargetsInParallel = 1;
				LastSwiftUpdateCheck = 1620;
				LastUpgradeCheck = 1620;
				TargetAttributes = {
					AA00000000000000000000F1 = {
						CreatedOnToolsVersion = 16.2;
					};
				};
			};
			buildConfigurationList = AA0000000000000000000AA1 /* Build configuration list for PBXProject "BasketTrainer" */;
			compatibilityVersion = "Xcode 14.0";
			developmentRegion = en;
			hasScannedForEncodings = 0;
			knownRegions = (
				en,
				Base,
			);
			mainGroup = AA00000000000000000000A1;
			productRefGroup = AA00000000000000000000A2 /* Products */;
			projectDirPath = "";
			projectRoot = "";
			targets = (
				AA00000000000000000000F1 /* BasketTrainer */,
			);
		};
/* End PBXProject section */

/* Begin PBXResourcesBuildPhase section */
		AA00000000000000000000E2 /* Resources */ = {
			isa = PBXResourcesBuildPhase;
			buildActionMask = 2147483647;
			files = (
				AA00000000000000000000DC /* Preview Assets.xcassets in Resources */,
				AA00000000000000000000DB /* Assets.xcassets in Resources */,
			);
			runOnlyForDeploymentPostprocessing = 0;
		};
/* End PBXResourcesBuildPhase section */

/* Begin PBXSourcesBuildPhase section */
		AA00000000000000000000E1 /* Sources */ = {
			isa = PBXSourcesBuildPhase;
			buildActionMask = 2147483647;
			files = (
				AA00000000000000000000D1 /* BasketTrainerApp.swift in Sources */,
				AA00000000000000000000D2 /* Models.swift in Sources */,
				AA00000000000000000000D3 /* SessionStore.swift in Sources */,
				AA00000000000000000000D4 /* GarminManager.swift in Sources */,
				AA00000000000000000000D5 /* ContentView.swift in Sources */,
				AA00000000000000000000D6 /* HomeView.swift in Sources */,
				AA00000000000000000000D7 /* WorkoutConfigView.swift in Sources */,
				AA00000000000000000000D8 /* HistoryView.swift in Sources */,
				AA00000000000000000000D9 /* SessionDetailView.swift in Sources */,
				AA00000000000000000000DA /* StatsView.swift in Sources */,
			);
			runOnlyForDeploymentPostprocessing = 0;
		};
/* End PBXSourcesBuildPhase section */

/* Begin XCBuildConfiguration section */
		AA0000000000000000000AB1 /* Debug */ = {
			isa = XCBuildConfiguration;
			buildSettings = {
				ALWAYS_SEARCH_USER_PATHS = NO;
				ASSETCATALOG_COMPILER_GENERATE_SWIFT_ASSET_SYMBOL_EXTENSIONS = YES;
				CLANG_ANALYZER_NONNULL = YES;
				CLANG_ANALYZER_NUMBER_OBJECT_CONVERSION = YES_AGGRESSIVE;
				CLANG_CXX_LANGUAGE_STANDARD = "gnu++20";
				CLANG_ENABLE_MODULES = YES;
				CLANG_ENABLE_OBJC_ARC = YES;
				CLANG_ENABLE_OBJC_WEAK = YES;
				CLANG_WARN_BLOCK_CAPTURE_AUTORELEASING = YES;
				CLANG_WARN_BOOL_CONVERSION = YES;
				CLANG_WARN_COMMA = YES;
				CLANG_WARN_CONSTANT_CONVERSION = YES;
				CLANG_WARN_DEPRECATED_OBJC_IMPLEMENTATIONS = YES;
				CLANG_WARN_DIRECT_OBJC_ISA_USAGE = YES_ERROR;
				CLANG_WARN_DOCUMENTATION_COMMENTS = YES;
				CLANG_WARN_EMPTY_BODY = YES;
				CLANG_WARN_ENUM_CONVERSION = YES;
				CLANG_WARN_INFINITE_RECURSION = YES;
				CLANG_WARN_INT_CONVERSION = YES;
				CLANG_WARN_NON_LITERAL_NULL_CONVERSION = YES;
				CLANG_WARN_OBJC_IMPLICIT_RETAIN_SELF = YES;
				CLANG_WARN_OBJC_LITERAL_CONVERSION = YES;
				CLANG_WARN_OBJC_ROOT_CLASS = YES_ERROR;
				CLANG_WARN_QUOTED_INCLUDE_IN_FRAMEWORK_HEADER = YES;
				CLANG_WARN_RANGE_LOOP_ANALYSIS = YES;
				CLANG_WARN_STRICT_PROTOTYPES = YES;
				CLANG_WARN_SUSPICIOUS_MOVE = YES;
				CLANG_WARN_UNGUARDED_AVAILABILITY = YES_AGGRESSIVE;
				CLANG_WARN_UNREACHABLE_CODE = YES;
				CLANG_WARN__DUPLICATE_METHOD_MATCH = YES;
				COPY_PHASE_STRIP = NO;
				DEBUG_INFORMATION_FORMAT = dwarf;
				ENABLE_STRICT_OBJC_MSGSEND = YES;
				ENABLE_TESTABILITY = YES;
				ENABLE_USER_SCRIPT_SANDBOXING = YES;
				GCC_C_LANGUAGE_STANDARD = gnu17;
				GCC_DYNAMIC_NO_PIC = NO;
				GCC_NO_COMMON_BLOCKS = YES;
				GCC_OPTIMIZATION_LEVEL = 0;
				GCC_PREPROCESSOR_DEFINITIONS = (
					"DEBUG=1",
					"$(inherited)",
				);
				GCC_WARN_64_TO_32_BIT_CONVERSION = YES;
				GCC_WARN_ABOUT_RETURN_TYPE = YES_ERROR;
				GCC_WARN_UNDECLARED_SELECTOR = YES;
				GCC_WARN_UNINITIALIZED_AUTOS = YES_AGGRESSIVE;
				GCC_WARN_UNUSED_FUNCTION = YES;
				GCC_WARN_UNUSED_VARIABLE = YES;
				IPHONEOS_DEPLOYMENT_TARGET = 16.0;
				MTL_ENABLE_DEBUG_INFO = INCLUDE_SOURCE;
				MTL_FAST_MATH = YES;
				ONLY_ACTIVE_ARCH = YES;
				SDKROOT = iphoneos;
				SWIFT_ACTIVE_COMPILATION_CONDITIONS = "DEBUG $(inherited)";
				SWIFT_OPTIMIZATION_LEVEL = "-Onone";
			};
			name = Debug;
		};
		AA0000000000000000000AB2 /* Release */ = {
			isa = XCBuildConfiguration;
			buildSettings = {
				ALWAYS_SEARCH_USER_PATHS = NO;
				ASSETCATALOG_COMPILER_GENERATE_SWIFT_ASSET_SYMBOL_EXTENSIONS = YES;
				CLANG_ANALYZER_NONNULL = YES;
				CLANG_ANALYZER_NUMBER_OBJECT_CONVERSION = YES_AGGRESSIVE;
				CLANG_CXX_LANGUAGE_STANDARD = "gnu++20";
				CLANG_ENABLE_MODULES = YES;
				CLANG_ENABLE_OBJC_ARC = YES;
				CLANG_ENABLE_OBJC_WEAK = YES;
				CLANG_WARN_BLOCK_CAPTURE_AUTORELEASING = YES;
				CLANG_WARN_BOOL_CONVERSION = YES;
				CLANG_WARN_COMMA = YES;
				CLANG_WARN_CONSTANT_CONVERSION = YES;
				CLANG_WARN_DEPRECATED_OBJC_IMPLEMENTATIONS = YES;
				CLANG_WARN_DIRECT_OBJC_ISA_USAGE = YES_ERROR;
				CLANG_WARN_DOCUMENTATION_COMMENTS = YES;
				CLANG_WARN_EMPTY_BODY = YES;
				CLANG_WARN_ENUM_CONVERSION = YES;
				CLANG_WARN_INFINITE_RECURSION = YES;
				CLANG_WARN_INT_CONVERSION = YES;
				CLANG_WARN_NON_LITERAL_NULL_CONVERSION = YES;
				CLANG_WARN_OBJC_IMPLICIT_RETAIN_SELF = YES;
				CLANG_WARN_OBJC_LITERAL_CONVERSION = YES;
				CLANG_WARN_OBJC_ROOT_CLASS = YES_ERROR;
				CLANG_WARN_QUOTED_INCLUDE_IN_FRAMEWORK_HEADER = YES;
				CLANG_WARN_RANGE_LOOP_ANALYSIS = YES;
				CLANG_WARN_STRICT_PROTOTYPES = YES;
				CLANG_WARN_SUSPICIOUS_MOVE = YES;
				CLANG_WARN_UNGUARDED_AVAILABILITY = YES_AGGRESSIVE;
				CLANG_WARN_UNREACHABLE_CODE = YES;
				CLANG_WARN__DUPLICATE_METHOD_MATCH = YES;
				COPY_PHASE_STRIP = NO;
				DEBUG_INFORMATION_FORMAT = "dwarf-with-dsym";
				ENABLE_NS_ASSERTIONS = NO;
				ENABLE_STRICT_OBJC_MSGSEND = YES;
				ENABLE_USER_SCRIPT_SANDBOXING = YES;
				GCC_C_LANGUAGE_STANDARD = gnu17;
				GCC_NO_COMMON_BLOCKS = YES;
				GCC_WARN_64_TO_32_BIT_CONVERSION = YES;
				GCC_WARN_ABOUT_RETURN_TYPE = YES_ERROR;
				GCC_WARN_UNDECLARED_SELECTOR = YES;
				GCC_WARN_UNINITIALIZED_AUTOS = YES_AGGRESSIVE;
				GCC_WARN_UNUSED_FUNCTION = YES;
				GCC_WARN_UNUSED_VARIABLE = YES;
				IPHONEOS_DEPLOYMENT_TARGET = 16.0;
				MTL_FAST_MATH = YES;
				SDKROOT = iphoneos;
				SWIFT_COMPILATION_MODE = wholemodule;
				VALIDATE_PRODUCT = YES;
			};
			name = Release;
		};
		AA0000000000000000000AB3 /* Debug */ = {
			isa = XCBuildConfiguration;
			buildSettings = {
				ASSETCATALOG_COMPILER_APPICON_NAME = AppIcon;
				ASSETCATALOG_COMPILER_GLOBAL_ACCENT_COLOR_NAME = AccentColor;
				CODE_SIGN_STYLE = Automatic;
				CURRENT_PROJECT_VERSION = 1;
				DEVELOPMENT_ASSET_PATHS = "\"BasketTrainer/Preview Content\"";
				DEVELOPMENT_TEAM = A9Y3U7W4H2;
				ENABLE_PREVIEWS = YES;
				INFOPLIST_FILE = BasketTrainer/Info.plist;
				LD_RUNPATH_SEARCH_PATHS = (
					"$(inherited)",
					"@executable_path/Frameworks",
				);
				MARKETING_VERSION = 1.0;
				PRODUCT_BUNDLE_IDENTIFIER = com.tonnom.baskettrainer;
				PRODUCT_NAME = "$(TARGET_NAME)";
				SWIFT_EMIT_LOC_STRINGS = YES;
				SWIFT_VERSION = 5.0;
				TARGETED_DEVICE_FAMILY = "1,2";
			};
			name = Debug;
		};
		AA0000000000000000000AB4 /* Release */ = {
			isa = XCBuildConfiguration;
			buildSettings = {
				ASSETCATALOG_COMPILER_APPICON_NAME = AppIcon;
				ASSETCATALOG_COMPILER_GLOBAL_ACCENT_COLOR_NAME = AccentColor;
				CODE_SIGN_STYLE = Automatic;
				CURRENT_PROJECT_VERSION = 1;
				DEVELOPMENT_ASSET_PATHS = "\"BasketTrainer/Preview Content\"";
				DEVELOPMENT_TEAM = A9Y3U7W4H2;
				ENABLE_PREVIEWS = YES;
				INFOPLIST_FILE = BasketTrainer/Info.plist;
				LD_RUNPATH_SEARCH_PATHS = (
					"$(inherited)",
					"@executable_path/Frameworks",
				);
				MARKETING_VERSION = 1.0;
				PRODUCT_BUNDLE_IDENTIFIER = com.tonnom.baskettrainer;
				PRODUCT_NAME = "$(TARGET_NAME)";
				SWIFT_EMIT_LOC_STRINGS = YES;
				SWIFT_VERSION = 5.0;
				TARGETED_DEVICE_FAMILY = "1,2";
			};
			name = Release;
		};
/* End XCBuildConfiguration section */

/* Begin XCConfigurationList section */
		AA0000000000000000000AA1 /* Build configuration list for PBXProject "BasketTrainer" */ = {
			isa = XCConfigurationList;
			buildConfigurations = (
				AA0000000000000000000AB1 /* Debug */,
				AA0000000000000000000AB2 /* Release */,
			);
			defaultConfigurationIsVisible = 0;
			defaultConfigurationName = Release;
		};
		AA0000000000000000000AA2 /* Build configuration list for PBXNativeTarget "BasketTrainer" */ = {
			isa = XCConfigurationList;
			buildConfigurations = (
				AA0000000000000000000AB3 /* Debug */,
				AA0000000000000000000AB4 /* Release */,
			);
			defaultConfigurationIsVisible = 0;
			defaultConfigurationName = Release;
		};
/* End XCConfigurationList section */
	};
	rootObject = AA000000000000000000FFFF /* Project object */;
}
